
Microsoft Visual Studio Solution File, Format Version 12.00
# Visual Studio Version 17
VisualStudioVersion = 17.2.32602.215
MinimumVisualStudioVersion = 10.0.40219.1
Project("{9A19103F-16F7-4668-BE54-9A1E7A4F7556}") = "SoTSolverGUI", "SoTSolverGUI\SoTSolverGUI.csproj", "{8CE4B7B6-43AB-4BB1-BBE7-163397E56533}"
EndProject
Project("{9A19103F-16F7-4668-BE54-9A1E7A4F7556}") = "SoTSolverClassLibrary", "SoTSolverClassLibrary\SoTSolverClassLibrary.csproj", "{996E142E-9514-45FC-A465-FA1D00A28638}"
EndProject
Project("{9A19103F-16F7-4668-BE54-9A1E7A4F7556}") = "SoTSolverUnitTest", "SoTSolverUnitTest\SoTSolverUnitTest.csproj", "{DE17DACE-A642-4621-83B6-DF9D1B7E782F}"
EndProject
Global
	GlobalSection(SolutionConfigurationPlatforms) = preSolution
		Debug|Any CPU = Debug|Any CPU
		Release|Any CPU = Release|Any CPU
	EndGlobalSection
	GlobalSection(ProjectConfigurationPlatforms) = postSolution
		{8CE4B7B6-43AB-4BB1-BBE7-163397E56533}.Debug|Any CPU.ActiveCfg = Release|Any CPU
		{8CE4B7B6-43AB-4BB1-BBE7-163397E56533}.Debug|Any CPU.Build.0 = Release|Any CPU
		{8CE4B7B6-43AB-4BB1-BBE7-163397E56533}.Release|Any CPU.ActiveCfg = Release|Any CPU
		{8CE4B7B6-43AB-4BB1-BBE7-163397E56533}.Release|Any CPU.Build.0 = Release|Any CPU
		{996E142E-9514-45FC-A465-FA1D00A28638}.Debug|Any CPU.ActiveCfg = Debug|Any CPU
		{996E142E-9514-45FC-A465-FA1D00A28638}.Debug|Any CPU.Build.0 = Debug|Any CPU
		{996E142E-9514-45FC-A465-FA1D00A28638}.Release|Any CPU.ActiveCfg = Release|Any CPU
		{996E142E-9514-45FC-A465-FA1D00A28638}.Release|Any CPU.Build.0 = Release|Any CPU
		{DE17DACE-A642-4621-83B6-DF9D1B7E782F}.Debug|Any CPU.ActiveCfg = Debug|Any CPU
		{DE17DACE-A642-4621-83B6-DF9D1B7E782F}.Debug|Any CPU.Build.0 = Debug|Any CPU
		{DE17DACE-A642-4621-83B6-DF9D1B7E782F}.Release|Any CPU.ActiveCfg = Release|Any CPU
		{DE17DACE-A642-4621-83B6-DF9D1B7E782F}.Release|Any CPU.Build.0 = Release|Any CPU
	EndGlobalSection
	GlobalSection(SolutionProperties) = preSolution
		HideSolutionNode = FALSE
	EndGlobalSection
	GlobalSection(ExtensibilityGlobals) = postSolution
		SolutionGuid = {3CB34E13-33ED-4C10-BDAF-6E82EE2ADFB1}
	EndGlobalSection
EndGlobal
